// !$*UTF8*$!
{
	archiveVersion = 1;
	classes = {
	};
	objectVersion = 51;
	objects = {

/* Begin PBXBuildFile section */
		80C841DE26E6509600A71674 /* AppDelegate.swift in Sources */ = {isa = PBXBuildFile; fileRef = 80C841DD26E6509600A71674 /* AppDelegate.swift */; };
		80C841E726E6509A00A71674 /* Assets.xcassets in Resources */ = {isa = PBXBuildFile; fileRef = 80C841E626E6509A00A71674 /* Assets.xcassets */; };
		80C841EA26E6509A00A71674 /* LaunchScreen.storyboard in Resources */ = {isa = PBXBuildFile; fileRef = 80C841E826E6509A00A71674 /* LaunchScreen.storyboard */; };
		80C841F726E6580F00A71674 /* MainViewController.swift in Sources */ = {isa = PBXBuildFile; fileRef = 80C841F526E6580F00A71674 /* MainViewController.swift */; };
		80C841F826E6580F00A71674 /* MainViewController.xib in Resources */ = {isa = PBXBuildFile; fileRef = 80C841F626E6580F00A71674 /* MainViewController.xib */; };
		80C8420326E75DCA00A71674 /* CustomCellCollectionViewCell.swift in Sources */ = {isa = PBXBuildFile; fileRef = 80C8420126E75DCA00A71674 /* CustomCellCollectionViewCell.swift */; };
		80C8420426E75DCA00A71674 /* CustomCellCollectionViewCell.xib in Resources */ = {isa = PBXBuildFile; fileRef = 80C8420226E75DCA00A71674 /* CustomCellCollectionViewCell.xib */; };
		80C8420626E79FC900A71674 /* FilmCollectionView.swift in Sources */ = {isa = PBXBuildFile; fileRef = 80C8420526E79FC900A71674 /* FilmCollectionView.swift */; };
		80C8420826E7AB2B00A71674 /* FilterCollectionView.swift in Sources */ = {isa = PBXBuildFile; fileRef = 80C8420726E7AB2B00A71674 /* FilterCollectionView.swift */; };
		80C8420B26E7AF4E00A71674 /* FilterCollectionCell.swift in Sources */ = {isa = PBXBuildFile; fileRef = 80C8420926E7AF4E00A71674 /* FilterCollectionCell.swift */; };
		80C8420C26E7AF4E00A71674 /* FilterCollectionCell.xib in Resources */ = {isa = PBXBuildFile; fileRef = 80C8420A26E7AF4E00A71674 /* FilterCollectionCell.xib */; };
		80C8421126E8CFBA00A71674 /* Response.swift in Sources */ = {isa = PBXBuildFile; fileRef = 80C8421026E8CFBA00A71674 /* Response.swift */; };
		80C8421726EA301500A71674 /* SinglePageViewController.swift in Sources */ = {isa = PBXBuildFile; fileRef = 80C8421526EA301500A71674 /* SinglePageViewController.swift */; };
		80C8421826EA301500A71674 /* SinglePageViewController.xib in Resources */ = {isa = PBXBuildFile; fileRef = 80C8421626EA301500A71674 /* SinglePageViewController.xib */; };
		E45351C84C605AB5A37E71B7 /* Pods_MovieApp.framework in Frameworks */ = {isa = PBXBuildFile; fileRef = 6F2A089046433423CD485B54 /* Pods_MovieApp.framework */; };
/* End PBXBuildFile section */

/* Begin PBXFileReference section */
		2D391BD20784BE0FE0A33809 /* Pods-MovieApp.debug.xcconfig */ = {isa = PBXFileReference; includeInIndex = 1; lastKnownFileType = text.xcconfig; name = "Pods-MovieApp.debug.xcconfig"; path = "Target Support Files/Pods-MovieApp/Pods-MovieApp.debug.xcconfig"; sourceTree = "<group>"; };
		6F2A089046433423CD485B54 /* Pods_MovieApp.framework */ = {isa = PBXFileReference; explicitFileType = wrapper.framework; includeInIndex = 0; path = Pods_MovieApp.framework; sourceTree = BUILT_PRODUCTS_DIR; };
		80C841DA26E6509600A71674 /* MovieApp.app */ = {isa = PBXFileReference; explicitFileType = wrapper.application; includeInIndex = 0; path = MovieApp.app; sourceTree = BUILT_PRODUCTS_DIR; };
		80C841DD26E6509600A71674 /* AppDelegate.swift */ = {isa = PBXFileReference; lastKnownFileType = sourcecode.swift; path = AppDelegate.swift; sourceTree = "<group>"; };
		80C841E626E6509A00A71674 /* Assets.xcassets */ = {isa = PBXFileReference; lastKnownFileType = folder.assetcatalog; path = Assets.xcassets; sourceTree = "<group>"; };
		80C841E926E6509A00A71674 /* Base */ = {isa = PBXFileReference; lastKnownFileType = file.storyboard; name = Base; path = Base.lproj/LaunchScreen.storyboard; sourceTree = "<group>"; };
		80C841EB26E6509A00A71674 /* Info.plist */ = {isa = PBXFileReference; lastKnownFileType = text.plist.xml; path = Info.plist; sourceTree = "<group>"; };
		80C841F526E6580F00A71674 /* MainViewController.swift */ = {isa = PBXFileReference; lastKnownFileType = sourcecode.swift; path = MainViewController.swift; sourceTree = "<group>"; };
		80C841F626E6580F00A71674 /* MainViewController.xib */ = {isa = PBXFileReference; lastKnownFileType = file.xib; path = MainViewController.xib; sourceTree = "<group>"; };
		80C8420126E75DCA00A71674 /* CustomCellCollectionViewCell.swift */ = {isa = PBXFileReference; lastKnownFileType = sourcecode.swift; path = CustomCellCollectionViewCell.swift; sourceTree = "<group>"; };
		80C8420226E75DCA00A71674 /* CustomCellCollectionViewCell.xib */ = {isa = PBXFileReference; lastKnownFileType = file.xib; path = CustomCellCollectionViewCell.xib; sourceTree = "<group>"; };
		80C8420526E79FC900A71674 /* FilmCollectionView.swift */ = {isa = PBXFileReference; lastKnownFileType = sourcecode.swift; path = FilmCollectionView.swift; sourceTree = "<group>"; };
		80C8420726E7AB2B00A71674 /* FilterCollectionView.swift */ = {isa = PBXFileReference; lastKnownFileType = sourcecode.swift; path = FilterCollectionView.swift; sourceTree = "<group>"; };
		80C8420926E7AF4E00A71674 /* FilterCollectionCell.swift */ = {isa = PBXFileReference; lastKnownFileType = sourcecode.swift; path = FilterCollectionCell.swift; sourceTree = "<group>"; };
		80C8420A26E7AF4E00A71674 /* FilterCollectionCell.xib */ = {isa = PBXFileReference; lastKnownFileType = file.xib; path = FilterCollectionCell.xib; sourceTree = "<group>"; };
		80C8421026E8CFBA00A71674 /* Response.swift */ = {isa = PBXFileReference; lastKnownFileType = sourcecode.swift; path = Response.swift; sourceTree = "<group>"; };
		80C8421526EA301500A71674 /* SinglePageViewController.swift */ = {isa = PBXFileReference; lastKnownFileType = sourcecode.swift; path = SinglePageViewController.swift; sourceTree = "<group>"; };
		80C8421626EA301500A71674 /* SinglePageViewController.xib */ = {isa = PBXFileReference; lastKnownFileType = file.xib; path = SinglePageViewController.xib; sourceTree = "<group>"; };
		A207D2C93E863BD5F35A1A42 /* Pods-MovieApp.release.xcconfig */ = {isa = PBXFileReference; includeInIndex = 1; lastKnownFileType = text.xcconfig; name = "Pods-MovieApp.release.xcconfig"; path = "Target Support Files/Pods-MovieApp/Pods-MovieApp.release.xcconfig"; sourceTree = "<group>"; };
/* End PBXFileReference section */

/* Begin PBXFrameworksBuildPhase section */
		80C841D726E6509600A71674 /* Frameworks */ = {
			isa = PBXFrameworksBuildPhase;
			buildActionMask = 2147483647;
			files = (
				E45351C84C605AB5A37E71B7 /* Pods_MovieApp.framework in Frameworks */,
			);
			runOnlyForDeploymentPostprocessing = 0;
		};
/* End PBXFrameworksBuildPhase section */

/* Begin PBXGroup section */
		36BF96CA4095E4EE87A2B26B /* Frameworks */ = {
			isa = PBXGroup;
			children = (
				6F2A089046433423CD485B54 /* Pods_MovieApp.framework */,
			);
			name = Frameworks;
			sourceTree = "<group>";
		};
		80C841D126E6509600A71674 = {
			isa = PBXGroup;
			children = (
				80C841DC26E6509600A71674 /* MovieApp */,
				80C841DB26E6509600A71674 /* Products */,
				E0EB221185C6E244A053004E /* Pods */,
				36BF96CA4095E4EE87A2B26B /* Frameworks */,
			);
			sourceTree = "<group>";
		};
		80C841DB26E6509600A71674 /* Products */ = {
			isa = PBXGroup;
			children = (
				80C841DA26E6509600A71674 /* MovieApp.app */,
			);
			name = Products;
			sourceTree = "<group>";
		};
		80C841DC26E6509600A71674 /* MovieApp */ = {
			isa = PBXGroup;
			children = (
				80C841DD26E6509600A71674 /* AppDelegate.swift */,
				80C841E626E6509A00A71674 /* Assets.xcassets */,
				80C841E826E6509A00A71674 /* LaunchScreen.storyboard */,
				80C841EB26E6509A00A71674 /* Info.plist */,
				80C8420D26E8AF7900A71674 /* Models */,
				80C8420E26E8AF8700A71674 /* Views */,
				80C8420F26E8AF9700A71674 /* Conrtollers */,
			);
			path = MovieApp;
			sourceTree = "<group>";
		};
		80C8420D26E8AF7900A71674 /* Models */ = {
			isa = PBXGroup;
			children = (
				80C8421026E8CFBA00A71674 /* Response.swift */,
			);
			path = Models;
			sourceTree = "<group>";
		};
		80C8420E26E8AF8700A71674 /* Views */ = {
			isa = PBXGroup;
			children = (
				80C841F626E6580F00A71674 /* MainViewController.xib */,
				80C8420226E75DCA00A71674 /* CustomCellCollectionViewCell.xib */,
				80C8420A26E7AF4E00A71674 /* FilterCollectionCell.xib */,
				80C8421626EA301500A71674 /* SinglePageViewController.xib */,
			);
			path = Views;
			sourceTree = "<group>";
		};
		80C8420F26E8AF9700A71674 /* Conrtollers */ = {
			isa = PBXGroup;
			children = (
				80C841F526E6580F00A71674 /* MainViewController.swift */,
				80C8420526E79FC900A71674 /* FilmCollectionView.swift */,
				80C8420126E75DCA00A71674 /* CustomCellCollectionViewCell.swift */,
				80C8420726E7AB2B00A71674 /* FilterCollectionView.swift */,
				80C8420926E7AF4E00A71674 /* FilterCollectionCell.swift */,
				80C8421526EA301500A71674 /* SinglePageViewController.swift */,
			);
			path = Conrtollers;
			sourceTree = "<group>";
		};
		E0EB221185C6E244A053004E /* Pods */ = {
			isa = PBXGroup;
			children = (
				2D391BD20784BE0FE0A33809 /* Pods-MovieApp.debug.xcconfig */,
				A207D2C93E863BD5F35A1A42 /* Pods-MovieApp.release.xcconfig */,
			);
			path = Pods;
			sourceTree = "<group>";
		};
/* End PBXGroup section */

/* Begin PBXNativeTarget section */
		80C841D926E6509600A71674 /* MovieApp */ = {
			isa = PBXNativeTarget;
			buildConfigurationList = 80C841EE26E6509A00A71674 /* Build configuration list for PBXNativeTarget "MovieApp" */;
			buildPhases = (
				AE4AFFD47A102E44D71E77C9 /* [CP] Check Pods Manifest.lock */,
				80C841D626E6509600A71674 /* Sources */,
				80C841D726E6509600A71674 /* Frameworks */,
				80C841D826E6509600A71674 /* Resources */,
				83FE315D79A0353AF162A4C8 /* [CP] Embed Pods Frameworks */,
			);
			buildRules = (
			);
			dependencies = (
			);
			name = MovieApp;
			packageProductDependencies = (
			);
			productName = MovieApp;
			productReference = 80C841DA26E6509600A71674 /* MovieApp.app */;
			productType = "com.apple.product-type.application";
		};
/* End PBXNativeTarget section */

/* Begin PBXProject section */
		80C841D226E6509600A71674 /* Project object */ = {
			isa = PBXProject;
			attributes = {
				LastSwiftUpdateCheck = 1250;
				LastUpgradeCheck = 1250;
				TargetAttributes = {
					80C841D926E6509600A71674 = {
						CreatedOnToolsVersion = 12.5;
					};
				};
			};
			buildConfigurationList = 80C841D526E6509600A71674 /* Build configuration list for PBXProject "MovieApp" */;
			compatibilityVersion = "Xcode 9.3";
			developmentRegion = en;
			hasScannedForEncodings = 0;
			knownRegions = (
				en,
				Base,
			);
			mainGroup = 80C841D126E6509600A71674;
			packageReferences = (
			);
			productRefGroup = 80C841DB26E6509600A71674 /* Products */;
			projectDirPath = "";
			projectRoot = "";
			targets = (
				80C841D926E6509600A71674 /* MovieApp */,
			);
		};
/* End PBXProject section */

/* Begin PBXResourcesBuildPhase section */
		80C841D826E6509600A71674 /* Resources */ = {
			isa = PBXResourcesBuildPhase;
			buildActionMask = 2147483647;
			files = (
				80C841EA26E6509A00A71674 /* LaunchScreen.storyboard in Resources */,
				80C8421826EA301500A71674 /* SinglePageViewController.xib in Resources */,
				80C841F826E6580F00A71674 /* MainViewController.xib in Resources */,
				80C8420426E75DCA00A71674 /* CustomCellCollectionViewCell.xib in Resources */,
				80C8420C26E7AF4E00A71674 /* FilterCollectionCell.xib in Resources */,
				80C841E726E6509A00A71674 /* Assets.xcassets in Resources */,
			);
			runOnlyForDeploymentPostprocessing = 0;
		};
/* End PBXResourcesBuildPhase section */

/* Begin PBXShellScriptBuildPhase section */
		83FE315D79A0353AF162A4C8 /* [CP] Embed Pods Frameworks */ = {
			isa = PBXShellScriptBuildPhase;
			buildActionMask = 2147483647;
			files = (
			);
			inputFileListPaths = (
				"${PODS_ROOT}/Target Support Files/Pods-MovieApp/Pods-MovieApp-frameworks-${CONFIGURATION}-input-files.xcfilelist",
			);
			name = "[CP] Embed Pods Frameworks";
			outputFileListPaths = (
				"${PODS_ROOT}/Target Support Files/Pods-MovieApp/Pods-MovieApp-frameworks-${CONFIGURATION}-output-files.xcfilelist",
			);
			runOnlyForDeploymentPostprocessing = 0;
			shellPath = /bin/sh;
			shellScript = "\"${PODS_ROOT}/Target Support Files/Pods-MovieApp/Pods-MovieApp-frameworks.sh\"\n";
			showEnvVarsInLog = 0;
		};
		AE4AFFD47A102E44D71E77C9 /* [CP] Check Pods Manifest.lock */ = {
			isa = PBXShellScriptBuildPhase;
			buildActionMask = 2147483647;
			files = (
			);
			inputFileListPaths = (
			);
			inputPaths = (
				"${PODS_PODFILE_DIR_PATH}/Podfile.lock",
				"${PODS_ROOT}/Manifest.lock",
			);
			name = "[CP] Check Pods Manifest.lock";
			outputFileListPaths = (
			);
			outputPaths = (
				"$(DERIVED_FILE_DIR)/Pods-MovieApp-checkManifestLockResult.txt",
			);
			runOnlyForDeploymentPostprocessing = 0;
			shellPath = /bin/sh;
			shellScript = "diff \"${PODS_PODFILE_DIR_PATH}/Podfile.lock\" \"${PODS_ROOT}/Manifest.lock\" > /dev/null\nif [ $? != 0 ] ; then\n    # print error to STDERR\n    echo \"error: The sandbox is not in sync with the Podfile.lock. Run 'pod install' or update your CocoaPods installation.\" >&2\n    exit 1\nfi\n# This output is used by Xcode 'outputs' to avoid re-running this script phase.\necho \"SUCCESS\" > \"${SCRIPT_OUTPUT_FILE_0}\"\n";
			showEnvVarsInLog = 0;
		};
/* End PBXShellScriptBuildPhase section */

/* Begin PBXSourcesBuildPhase section */
		80C841D626E6509600A71674 /* Sources */ = {
			isa = PBXSourcesBuildPhase;
			buildActionMask = 2147483647;
			files = (
				80C841F726E6580F00A71674 /* MainViewController.swift in Sources */,
				80C8420B26E7AF4E00A71674 /* FilterCollectionCell.swift in Sources */,
				80C8420826E7AB2B00A71674 /* FilterCollectionView.swift in Sources */,
				80C841DE26E6509600A71674 /* AppDelegate.swift in Sources */,
				80C8420626E79FC900A71674 /* FilmCollectionView.swift in Sources */,
				80C8420326E75DCA00A71674 /* CustomCellCollectionViewCell.swift in Sources */,
				80C8421126E8CFBA00A71674 /* Response.swift in Sources */,
				80C8421726EA301500A71674 /* SinglePageViewController.swift in Sources */,
			);
			runOnlyForDeploymentPostprocessing = 0;
		};
/* End PBXSourcesBuildPhase section */

/* Begin PBXVariantGroup section */
		80C841E826E6509A00A71674 /* LaunchScreen.storyboard */ = {
			isa = PBXVariantGroup;
			children = (
				80C841E926E6509A00A71674 /* Base */,
			);
			name = LaunchScreen.storyboard;
			sourceTree = "<group>";
		};
/* End PBXVariantGroup section */

/* Begin XCBuildConfiguration section */
		80C841EC26E6509A00A71674 /* Debug */ = {
			isa = XCBuildConfiguration;
			buildSettings = {
				ALWAYS_SEARCH_USER_PATHS = NO;
				CLANG_ANALYZER_NONNULL = YES;
				CLANG_ANALYZER_NUMBER_OBJECT_CONVERSION = YES_AGGRESSIVE;
				CLANG_CXX_LANGUAGE_STANDARD = "gnu++14";
				CLANG_CXX_LIBRARY = "libc++";
				CLANG_ENABLE_MODULES = YES;
				CLANG_ENABLE_OBJC_ARC = YES;
				CLANG_ENABLE_OBJC_WEAK = YES;
				CLANG_WARN_BLOCK_CAPTURE_AUTORELEASING = YES;
				CLANG_WARN_BOOL_CONVERSION = YES;
				CLANG_WARN_COMMA = YES;
				CLANG_WARN_CONSTANT_CONVERSION = YES;
				CLANG_WARN_DEPRECATED_OBJC_IMPLEMENTATIONS = YES;
				CLANG_WARN_DIRECT_OBJC_ISA_USAGE = YES_ERROR;
				CLANG_WARN_DOCUMENTATION_COMMENTS = YES;
				CLANG_WARN_EMPTY_BODY = YES;
				CLANG_WARN_ENUM_CONVERSION = YES;
				CLANG_WARN_INFINITE_RECURSION = YES;
				CLANG_WARN_INT_CONVERSION = YES;
				CLANG_WARN_NON_LITERAL_NULL_CONVERSION = YES;
				CLANG_WARN_OBJC_IMPLICIT_RETAIN_SELF = YES;
				CLANG_WARN_OBJC_LITERAL_CONVERSION = YES;
				CLANG_WARN_OBJC_ROOT_CLASS = YES_ERROR;
				CLANG_WARN_QUOTED_INCLUDE_IN_FRAMEWORK_HEADER = YES;
				CLANG_WARN_RANGE_LOOP_ANALYSIS = YES;
				CLANG_WARN_STRICT_PROTOTYPES = YES;
				CLANG_WARN_SUSPICIOUS_MOVE = YES;
				CLANG_WARN_UNGUARDED_AVAILABILITY = YES_AGGRESSIVE;
				CLANG_WARN_UNREACHABLE_CODE = YES;
				CLANG_WARN__DUPLICATE_METHOD_MATCH = YES;
				COPY_PHASE_STRIP = NO;
				DEBUG_INFORMATION_FORMAT = dwarf;
				ENABLE_STRICT_OBJC_MSGSEND = YES;
				ENABLE_TESTABILITY = YES;
				GCC_C_LANGUAGE_STANDARD = gnu11;
				GCC_DYNAMIC_NO_PIC = NO;
				GCC_NO_COMMON_BLOCKS = YES;
				GCC_OPTIMIZATION_LEVEL = 0;
				GCC_PREPROCESSOR_DEFINITIONS = (
					"DEBUG=1",
					"$(inherited)",
				);
				GCC_WARN_64_TO_32_BIT_CONVERSION = YES;
				GCC_WARN_ABOUT_RETURN_TYPE = YES_ERROR;
				GCC_WARN_UNDECLARED_SELECTOR = YES;
				GCC_WARN_UNINITIALIZED_AUTOS = YES_AGGRESSIVE;
				GCC_WARN_UNUSED_FUNCTION = YES;
				GCC_WARN_UNUSED_VARIABLE = YES;
				IPHONEOS_DEPLOYMENT_TARGET = 14.5;
				MTL_ENABLE_DEBUG_INFO = INCLUDE_SOURCE;
				MTL_FAST_MATH = YES;
				ONLY_ACTIVE_ARCH = YES;
				SDKROOT = iphoneos;
				SWIFT_ACTIVE_COMPILATION_CONDITIONS = DEBUG;
				SWIFT_OPTIMIZATION_LEVEL = "-Onone";
			};
			name = Debug;
		};
		80C841ED26E6509A00A71674 /* Release */ = {
			isa = XCBuildConfiguration;
			buildSettings = {
				ALWAYS_SEARCH_USER_PATHS = NO;
				CLANG_ANALYZER_NONNULL = YES;
				CLANG_ANALYZER_NUMBER_OBJECT_CONVERSION = YES_AGGRESSIVE;
				CLANG_CXX_LANGUAGE_STANDARD = "gnu++14";
				CLANG_CXX_LIBRARY = "libc++";
				CLANG_ENABLE_MODULES = YES;
				CLANG_ENABLE_OBJC_ARC = YES;
				CLANG_ENABLE_OBJC_WEAK = YES;
				CLANG_WARN_BLOCK_CAPTURE_AUTORELEASING = YES;
				CLANG_WARN_BOOL_CONVERSION = YES;
				CLANG_WARN_COMMA = YES;
				CLANG_WARN_CONSTANT_CONVERSION = YES;
				CLANG_WARN_DEPRECATED_OBJC_IMPLEMENTATIONS = YES;
				CLANG_WARN_DIRECT_OBJC_ISA_USAGE = YES_ERROR;
				CLANG_WARN_DOCUMENTATION_COMMENTS = YES;
				CLANG_WARN_EMPTY_BODY = YES;
				CLANG_WARN_ENUM_CONVERSION = YES;
				CLANG_WARN_INFINITE_RECURSION = YES;
				CLANG_WARN_INT_CONVERSION = YES;
				CLANG_WARN_NON_LITERAL_NULL_CONVERSION = YES;
				CLANG_WARN_OBJC_IMPLICIT_RETAIN_SELF = YES;
				CLANG_WARN_OBJC_LITERAL_CONVERSION = YES;
				CLANG_WARN_OBJC_ROOT_CLASS = YES_ERROR;
				CLANG_WARN_QUOTED_INCLUDE_IN_FRAMEWORK_HEADER = YES;
				CLANG_WARN_RANGE_LOOP_ANALYSIS = YES;
				CLANG_WARN_STRICT_PROTOTYPES = YES;
				CLANG_WARN_SUSPICIOUS_MOVE = YES;
				CLANG_WARN_UNGUARDED_AVAILABILITY = YES_AGGRESSIVE;
				CLANG_WARN_UNREACHABLE_CODE = YES;
				CLANG_WARN__DUPLICATE_METHOD_MATCH = YES;
				COPY_PHASE_STRIP = NO;
				DEBUG_INFORMATION_FORMAT = "dwarf-with-dsym";
				ENABLE_NS_ASSERTIONS = NO;
				ENABLE_STRICT_OBJC_MSGSEND = YES;
				GCC_C_LANGUAGE_STANDARD = gnu11;
				GCC_NO_COMMON_BLOCKS = YES;
				GCC_WARN_64_TO_32_BIT_CONVERSION = YES;
				GCC_WARN_ABOUT_RETURN_TYPE = YES_ERROR;
				GCC_WARN_UNDECLARED_SELECTOR = YES;
				GCC_WARN_UNINITIALIZED_AUTOS = YES_AGGRESSIVE;
				GCC_WARN_UNUSED_FUNCTION = YES;
				GCC_WARN_UNUSED_VARIABLE = YES;
				IPHONEOS_DEPLOYMENT_TARGET = 14.5;
				MTL_ENABLE_DEBUG_INFO = NO;
				MTL_FAST_MATH = YES;
				SDKROOT = iphoneos;
				SWIFT_COMPILATION_MODE = wholemodule;
				SWIFT_OPTIMIZATION_LEVEL = "-O";
				VALIDATE_PRODUCT = YES;
			};
			name = Release;
		};
		80C841EF26E6509A00A71674 /* Debug */ = {
			isa = XCBuildConfiguration;
			baseConfigurationReference = 2D391BD20784BE0FE0A33809 /* Pods-MovieApp.debug.xcconfig */;
			buildSettings = {
				ASSETCATALOG_COMPILER_APPICON_NAME = AppIcon;
				ASSETCATALOG_COMPILER_GLOBAL_ACCENT_COLOR_NAME = AccentColor;
				CODE_SIGN_STYLE = Automatic;
				DEVELOPMENT_TEAM = LFK66LU3C4;
				INFOPLIST_FILE = MovieApp/Info.plist;
				LD_RUNPATH_SEARCH_PATHS = (
					"$(inherited)",
					"@executable_path/Frameworks",
				);
				PRODUCT_BUNDLE_IDENTIFIER = VP.MovieApp;
				PRODUCT_NAME = "$(TARGET_NAME)";
				SWIFT_VERSION = 5.0;
				TARGETED_DEVICE_FAMILY = 1;
			};
			name = Debug;
		};
		80C841F026E6509A00A71674 /* Release */ = {
			isa = XCBuildConfiguration;
			baseConfigurationReference = A207D2C93E863BD5F35A1A42 /* Pods-MovieApp.release.xcconfig */;
			buildSettings = {
				ASSETCATALOG_COMPILER_APPICON_NAME = AppIcon;
				ASSETCATALOG_COMPILER_GLOBAL_ACCENT_COLOR_NAME = AccentColor;
				CODE_SIGN_STYLE = Automatic;
				DEVELOPMENT_TEAM = LFK66LU3C4;
				INFOPLIST_FILE = MovieApp/Info.plist;
				LD_RUNPATH_SEARCH_PATHS = (
					"$(inherited)",
					"@executable_path/Frameworks",
				);
				PRODUCT_BUNDLE_IDENTIFIER = VP.MovieApp;
				PRODUCT_NAME = "$(TARGET_NAME)";
				SWIFT_VERSION = 5.0;
				TARGETED_DEVICE_FAMILY = 1;
			};
			name = Release;
		};
/* End XCBuildConfiguration section */

/* Begin XCConfigurationList section */
		80C841D526E6509600A71674 /* Build configuration list for PBXProject "MovieApp" */ = {
			isa = XCConfigurationList;
			buildConfigurations = (
				80C841EC26E6509A00A71674 /* Debug */,
				80C841ED26E6509A00A71674 /* Release */,
			);
			defaultConfigurationIsVisible = 0;
			defaultConfigurationName = Release;
		};
		80C841EE26E6509A00A71674 /* Build configuration list for PBXNativeTarget "MovieApp" */ = {
			isa = XCConfigurationList;
			buildConfigurations = (
				80C841EF26E6509A00A71674 /* Debug */,
				80C841F026E6509A00A71674 /* Release */,
			);
			defaultConfigurationIsVisible = 0;
			defaultConfigurationName = Release;
		};
/* End XCConfigurationList section */
	};
	rootObject = 80C841D226E6509600A71674 /* Project object */;
}
